// !$*UTF8*$!
{
	archiveVersion = 1;
	classes = {
	};
	objectVersion = 52;
	objects = {

/* Begin PBXBuildFile section */
		387143E124C6552300D1C6C4 /* AppDelegate.swift in Sources */ = {isa = PBXBuildFile; fileRef = 387143E024C6552300D1C6C4 /* AppDelegate.swift */; };
		387143E324C6552300D1C6C4 /* SceneDelegate.swift in Sources */ = {isa = PBXBuildFile; fileRef = 387143E224C6552300D1C6C4 /* SceneDelegate.swift */; };
		387143E724C6552400D1C6C4 /* Assets.xcassets in Resources */ = {isa = PBXBuildFile; fileRef = 387143E624C6552400D1C6C4 /* Assets.xcassets */; };
		387143EA24C6552400D1C6C4 /* Preview Assets.xcassets in Resources */ = {isa = PBXBuildFile; fileRef = 387143E924C6552400D1C6C4 /* Preview Assets.xcassets */; };
		387143ED24C6552400D1C6C4 /* LaunchScreen.storyboard in Resources */ = {isa = PBXBuildFile; fileRef = 387143EB24C6552400D1C6C4 /* LaunchScreen.storyboard */; };
		3871440024C6563C00D1C6C4 /* Onboarding.swift in Sources */ = {isa = PBXBuildFile; fileRef = 387143FB24C6563B00D1C6C4 /* Onboarding.swift */; };
		3871440124C6563C00D1C6C4 /* Onboarding2.swift in Sources */ = {isa = PBXBuildFile; fileRef = 387143FC24C6563B00D1C6C4 /* Onboarding2.swift */; };
		3871440224C6563C00D1C6C4 /* Onboarding5.swift in Sources */ = {isa = PBXBuildFile; fileRef = 387143FD24C6563B00D1C6C4 /* Onboarding5.swift */; };
		3871440324C6563C00D1C6C4 /* Onboarding3.swift in Sources */ = {isa = PBXBuildFile; fileRef = 387143FE24C6563B00D1C6C4 /* Onboarding3.swift */; };
		3871440424C6563C00D1C6C4 /* Onboarding4.swift in Sources */ = {isa = PBXBuildFile; fileRef = 387143FF24C6563B00D1C6C4 /* Onboarding4.swift */; };
		3871440824C6564700D1C6C4 /* HomeScreen.swift in Sources */ = {isa = PBXBuildFile; fileRef = 3871440524C6564700D1C6C4 /* HomeScreen.swift */; };
		3871440924C6564700D1C6C4 /* Profile.swift in Sources */ = {isa = PBXBuildFile; fileRef = 3871440624C6564700D1C6C4 /* Profile.swift */; };
		3871440A24C6564700D1C6C4 /* AddMacros.swift in Sources */ = {isa = PBXBuildFile; fileRef = 3871440724C6564700D1C6C4 /* AddMacros.swift */; };
		3871440D24C6565300D1C6C4 /* Login.swift in Sources */ = {isa = PBXBuildFile; fileRef = 3871440B24C6565300D1C6C4 /* Login.swift */; };
		3871440E24C6565300D1C6C4 /* Register.swift in Sources */ = {isa = PBXBuildFile; fileRef = 3871440C24C6565300D1C6C4 /* Register.swift */; };
		3871441024C6565D00D1C6C4 /* Settings.swift in Sources */ = {isa = PBXBuildFile; fileRef = 3871440F24C6565D00D1C6C4 /* Settings.swift */; };
		3871441324C6572000D1C6C4 /* SunburstDiagram in Frameworks */ = {isa = PBXBuildFile; productRef = 3871441224C6572000D1C6C4 /* SunburstDiagram */; };
/* End PBXBuildFile section */

/* Begin PBXFileReference section */
		387143DD24C6552300D1C6C4 /* AutoMacros.app */ = {isa = PBXFileReference; explicitFileType = wrapper.application; includeInIndex = 0; path = AutoMacros.app; sourceTree = BUILT_PRODUCTS_DIR; };
		387143E024C6552300D1C6C4 /* AppDelegate.swift */ = {isa = PBXFileReference; lastKnownFileType = sourcecode.swift; path = AppDelegate.swift; sourceTree = "<group>"; };
		387143E224C6552300D1C6C4 /* SceneDelegate.swift */ = {isa = PBXFileReference; lastKnownFileType = sourcecode.swift; path = SceneDelegate.swift; sourceTree = "<group>"; };
		387143E624C6552400D1C6C4 /* Assets.xcassets */ = {isa = PBXFileReference; lastKnownFileType = folder.assetcatalog; path = Assets.xcassets; sourceTree = "<group>"; };
		387143E924C6552400D1C6C4 /* Preview Assets.xcassets */ = {isa = PBXFileReference; lastKnownFileType = folder.assetcatalog; path = "Preview Assets.xcassets"; sourceTree = "<group>"; };
		387143EC24C6552400D1C6C4 /* Base */ = {isa = PBXFileReference; lastKnownFileType = file.storyboard; name = Base; path = Base.lproj/LaunchScreen.storyboard; sourceTree = "<group>"; };
		387143EE24C6552400D1C6C4 /* Info.plist */ = {isa = PBXFileReference; lastKnownFileType = text.plist.xml; path = Info.plist; sourceTree = "<group>"; };
		387143FB24C6563B00D1C6C4 /* Onboarding.swift */ = {isa = PBXFileReference; fileEncoding = 4; lastKnownFileType = sourcecode.swift; path = Onboarding.swift; sourceTree = "<group>"; };
		387143FC24C6563B00D1C6C4 /* Onboarding2.swift */ = {isa = PBXFileReference; fileEncoding = 4; lastKnownFileType = sourcecode.swift; path = Onboarding2.swift; sourceTree = "<group>"; };
		387143FD24C6563B00D1C6C4 /* Onboarding5.swift */ = {isa = PBXFileReference; fileEncoding = 4; lastKnownFileType = sourcecode.swift; path = Onboarding5.swift; sourceTree = "<group>"; };
		387143FE24C6563B00D1C6C4 /* Onboarding3.swift */ = {isa = PBXFileReference; fileEncoding = 4; lastKnownFileType = sourcecode.swift; path = Onboarding3.swift; sourceTree = "<group>"; };
		387143FF24C6563B00D1C6C4 /* Onboarding4.swift */ = {isa = PBXFileReference; fileEncoding = 4; lastKnownFileType = sourcecode.swift; path = Onboarding4.swift; sourceTree = "<group>"; };
		3871440524C6564700D1C6C4 /* HomeScreen.swift */ = {isa = PBXFileReference; fileEncoding = 4; lastKnownFileType = sourcecode.swift; path = HomeScreen.swift; sourceTree = "<group>"; };
		3871440624C6564700D1C6C4 /* Profile.swift */ = {isa = PBXFileReference; fileEncoding = 4; lastKnownFileType = sourcecode.swift; path = Profile.swift; sourceTree = "<group>"; };
		3871440724C6564700D1C6C4 /* AddMacros.swift */ = {isa = PBXFileReference; fileEncoding = 4; lastKnownFileType = sourcecode.swift; path = AddMacros.swift; sourceTree = "<group>"; };
		3871440B24C6565300D1C6C4 /* Login.swift */ = {isa = PBXFileReference; fileEncoding = 4; lastKnownFileType = sourcecode.swift; path = Login.swift; sourceTree = "<group>"; };
		3871440C24C6565300D1C6C4 /* Register.swift */ = {isa = PBXFileReference; fileEncoding = 4; lastKnownFileType = sourcecode.swift; path = Register.swift; sourceTree = "<group>"; };
		3871440F24C6565D00D1C6C4 /* Settings.swift */ = {isa = PBXFileReference; fileEncoding = 4; lastKnownFileType = sourcecode.swift; path = Settings.swift; sourceTree = "<group>"; };
/* End PBXFileReference section */

/* Begin PBXFrameworksBuildPhase section */
		387143DA24C6552300D1C6C4 /* Frameworks */ = {
			isa = PBXFrameworksBuildPhase;
			buildActionMask = 2147483647;
			files = (
				3871441324C6572000D1C6C4 /* SunburstDiagram in Frameworks */,
			);
			runOnlyForDeploymentPostprocessing = 0;
		};
/* End PBXFrameworksBuildPhase section */

/* Begin PBXGroup section */
		387143D424C6552300D1C6C4 = {
			isa = PBXGroup;
			children = (
				387143DF24C6552300D1C6C4 /* AutoMacros */,
				387143DE24C6552300D1C6C4 /* Products */,
			);
			sourceTree = "<group>";
		};
		387143DE24C6552300D1C6C4 /* Products */ = {
			isa = PBXGroup;
			children = (
				387143DD24C6552300D1C6C4 /* AutoMacros.app */,
			);
			name = Products;
			sourceTree = "<group>";
		};
		387143DF24C6552300D1C6C4 /* AutoMacros */ = {
			isa = PBXGroup;
			children = (
				387143F624C655B900D1C6C4 /* SwiftUI */,
				387143F524C655A500D1C6C4 /* Models */,
				387143F424C6553E00D1C6C4 /* Resources */,
				387143EB24C6552400D1C6C4 /* LaunchScreen.storyboard */,
				387143E824C6552400D1C6C4 /* Preview Content */,
			);
			path = AutoMacros;
			sourceTree = "<group>";
		};
		387143E824C6552400D1C6C4 /* Preview Content */ = {
			isa = PBXGroup;
			children = (
				387143E924C6552400D1C6C4 /* Preview Assets.xcassets */,
			);
			path = "Preview Content";
			sourceTree = "<group>";
		};
		387143F424C6553E00D1C6C4 /* Resources */ = {
			isa = PBXGroup;
			children = (
				387143E024C6552300D1C6C4 /* AppDelegate.swift */,
				387143E224C6552300D1C6C4 /* SceneDelegate.swift */,
				387143E624C6552400D1C6C4 /* Assets.xcassets */,
				387143EE24C6552400D1C6C4 /* Info.plist */,
			);
			path = Resources;
			sourceTree = "<group>";
		};
		387143F524C655A500D1C6C4 /* Models */ = {
			isa = PBXGroup;
			children = (
			);
			path = Models;
			sourceTree = "<group>";
		};
		387143F624C655B900D1C6C4 /* SwiftUI */ = {
			isa = PBXGroup;
			children = (
				387143FA24C655F300D1C6C4 /* Onboarding */,
				387143F924C655E800D1C6C4 /* Tabs */,
				387143F824C655E200D1C6C4 /* Login */,
				387143F724C655D900D1C6C4 /* Settings */,
			);
			path = SwiftUI;
			sourceTree = "<group>";
		};
		387143F724C655D900D1C6C4 /* Settings */ = {
			isa = PBXGroup;
			children = (
				3871440F24C6565D00D1C6C4 /* Settings.swift */,
			);
			path = Settings;
			sourceTree = "<group>";
		};
		387143F824C655E200D1C6C4 /* Login */ = {
			isa = PBXGroup;
			children = (
				3871440B24C6565300D1C6C4 /* Login.swift */,
				3871440C24C6565300D1C6C4 /* Register.swift */,
			);
			path = Login;
			sourceTree = "<group>";
		};
		387143F924C655E800D1C6C4 /* Tabs */ = {
			isa = PBXGroup;
			children = (
				3871440524C6564700D1C6C4 /* HomeScreen.swift */,
				3871440624C6564700D1C6C4 /* Profile.swift */,
				3871440724C6564700D1C6C4 /* AddMacros.swift */,
			);
			path = Tabs;
			sourceTree = "<group>";
		};
		387143FA24C655F300D1C6C4 /* Onboarding */ = {
			isa = PBXGroup;
			children = (
				387143FB24C6563B00D1C6C4 /* Onboarding.swift */,
				387143FC24C6563B00D1C6C4 /* Onboarding2.swift */,
				387143FE24C6563B00D1C6C4 /* Onboarding3.swift */,
				387143FF24C6563B00D1C6C4 /* Onboarding4.swift */,
				387143FD24C6563B00D1C6C4 /* Onboarding5.swift */,
			);
			path = Onboarding;
			sourceTree = "<group>";
		};
/* End PBXGroup section */

/* Begin PBXNativeTarget section */
		387143DC24C6552300D1C6C4 /* AutoMacros */ = {
			isa = PBXNativeTarget;
			buildConfigurationList = 387143F124C6552400D1C6C4 /* Build configuration list for PBXNativeTarget "AutoMacros" */;
			buildPhases = (
				387143D924C6552300D1C6C4 /* Sources */,
				387143DA24C6552300D1C6C4 /* Frameworks */,
				387143DB24C6552300D1C6C4 /* Resources */,
			);
			buildRules = (
			);
			dependencies = (
			);
			name = AutoMacros;
			packageProductDependencies = (
				3871441224C6572000D1C6C4 /* SunburstDiagram */,
			);
			productName = AutoMacros;
			productReference = 387143DD24C6552300D1C6C4 /* AutoMacros.app */;
			productType = "com.apple.product-type.application";
		};
/* End PBXNativeTarget section */

/* Begin PBXProject section */
		387143D524C6552300D1C6C4 /* Project object */ = {
			isa = PBXProject;
			attributes = {
				LastSwiftUpdateCheck = 1160;
				LastUpgradeCheck = 1160;
				ORGANIZATIONNAME = "Alex Rhodes";
				TargetAttributes = {
					387143DC24C6552300D1C6C4 = {
						CreatedOnToolsVersion = 11.6;
					};
				};
			};
			buildConfigurationList = 387143D824C6552300D1C6C4 /* Build configuration list for PBXProject "AutoMacros" */;
			compatibilityVersion = "Xcode 9.3";
			developmentRegion = en;
			hasScannedForEncodings = 0;
			knownRegions = (
				en,
				Base,
			);
			mainGroup = 387143D424C6552300D1C6C4;
			packageReferences = (
				3871441124C6572000D1C6C4 /* XCRemoteSwiftPackageReference "SwiftSunburstDiagram" */,
			);
			productRefGroup = 387143DE24C6552300D1C6C4 /* Products */;
			projectDirPath = "";
			projectRoot = "";
			targets = (
				387143DC24C6552300D1C6C4 /* AutoMacros */,
			);
		};
/* End PBXProject section */

/* Begin PBXResourcesBuildPhase section */
		387143DB24C6552300D1C6C4 /* Resources */ = {
			isa = PBXResourcesBuildPhase;
			buildActionMask = 2147483647;
			files = (
				387143ED24C6552400D1C6C4 /* LaunchScreen.storyboard in Resources */,
				387143EA24C6552400D1C6C4 /* Preview Assets.xcassets in Resources */,
				387143E724C6552400D1C6C4 /* Assets.xcassets in Resources */,
			);
			runOnlyForDeploymentPostprocessing = 0;
		};
/* End PBXResourcesBuildPhase section */

/* Begin PBXSourcesBuildPhase section */
		387143D924C6552300D1C6C4 /* Sources */ = {
			isa = PBXSourcesBuildPhase;
			buildActionMask = 2147483647;
			files = (
				3871440324C6563C00D1C6C4 /* Onboarding3.swift in Sources */,
				3871440024C6563C00D1C6C4 /* Onboarding.swift in Sources */,
				3871441024C6565D00D1C6C4 /* Settings.swift in Sources */,
				3871440124C6563C00D1C6C4 /* Onboarding2.swift in Sources */,
				3871440224C6563C00D1C6C4 /* Onboarding5.swift in Sources */,
				3871440824C6564700D1C6C4 /* HomeScreen.swift in Sources */,
				387143E124C6552300D1C6C4 /* AppDelegate.swift in Sources */,
				3871440E24C6565300D1C6C4 /* Register.swift in Sources */,
				387143E324C6552300D1C6C4 /* SceneDelegate.swift in Sources */,
				3871440924C6564700D1C6C4 /* Profile.swift in Sources */,
				3871440A24C6564700D1C6C4 /* AddMacros.swift in Sources */,
				3871440D24C6565300D1C6C4 /* Login.swift in Sources */,
				3871440424C6563C00D1C6C4 /* Onboarding4.swift in Sources */,
			);
			runOnlyForDeploymentPostprocessing = 0;
		};
/* End PBXSourcesBuildPhase section */

/* Begin PBXVariantGroup section */
		387143EB24C6552400D1C6C4 /* LaunchScreen.storyboard */ = {
			isa = PBXVariantGroup;
			children = (
				387143EC24C6552400D1C6C4 /* Base */,
			);
			name = LaunchScreen.storyboard;
			sourceTree = "<group>";
		};
/* End PBXVariantGroup section */

/* Begin XCBuildConfiguration section */
		387143EF24C6552400D1C6C4 /* Debug */ = {
			isa = XCBuildConfiguration;
			buildSettings = {
				ALWAYS_SEARCH_USER_PATHS = NO;
				CLANG_ANALYZER_NONNULL = YES;
				CLANG_ANALYZER_NUMBER_OBJECT_CONVERSION = YES_AGGRESSIVE;
				CLANG_CXX_LANGUAGE_STANDARD = "gnu++14";
				CLANG_CXX_LIBRARY = "libc++";
				CLANG_ENABLE_MODULES = YES;
				CLANG_ENABLE_OBJC_ARC = YES;
				CLANG_ENABLE_OBJC_WEAK = YES;
				CLANG_WARN_BLOCK_CAPTURE_AUTORELEASING = YES;
				CLANG_WARN_BOOL_CONVERSION = YES;
				CLANG_WARN_COMMA = YES;
				CLANG_WARN_CONSTANT_CONVERSION = YES;
				CLANG_WARN_DEPRECATED_OBJC_IMPLEMENTATIONS = YES;
				CLANG_WARN_DIRECT_OBJC_ISA_USAGE = YES_ERROR;
				CLANG_WARN_DOCUMENTATION_COMMENTS = YES;
				CLANG_WARN_EMPTY_BODY = YES;
				CLANG_WARN_ENUM_CONVERSION = YES;
				CLANG_WARN_INFINITE_RECURSION = YES;
				CLANG_WARN_INT_CONVERSION = YES;
				CLANG_WARN_NON_LITERAL_NULL_CONVERSION = YES;
				CLANG_WARN_OBJC_IMPLICIT_RETAIN_SELF = YES;
				CLANG_WARN_OBJC_LITERAL_CONVERSION = YES;
				CLANG_WARN_OBJC_ROOT_CLASS = YES_ERROR;
				CLANG_WARN_RANGE_LOOP_ANALYSIS = YES;
				CLANG_WARN_STRICT_PROTOTYPES = YES;
				CLANG_WARN_SUSPICIOUS_MOVE = YES;
				CLANG_WARN_UNGUARDED_AVAILABILITY = YES_AGGRESSIVE;
				CLANG_WARN_UNREACHABLE_CODE = YES;
				CLANG_WARN__DUPLICATE_METHOD_MATCH = YES;
				COPY_PHASE_STRIP = NO;
				DEBUG_INFORMATION_FORMAT = dwarf;
				ENABLE_STRICT_OBJC_MSGSEND = YES;
				ENABLE_TESTABILITY = YES;
				GCC_C_LANGUAGE_STANDARD = gnu11;
				GCC_DYNAMIC_NO_PIC = NO;
				GCC_NO_COMMON_BLOCKS = YES;
				GCC_OPTIMIZATION_LEVEL = 0;
				GCC_PREPROCESSOR_DEFINITIONS = (
					"DEBUG=1",
					"$(inherited)",
				);
				GCC_WARN_64_TO_32_BIT_CONVERSION = YES;
				GCC_WARN_ABOUT_RETURN_TYPE = YES_ERROR;
				GCC_WARN_UNDECLARED_SELECTOR = YES;
				GCC_WARN_UNINITIALIZED_AUTOS = YES_AGGRESSIVE;
				GCC_WARN_UNUSED_FUNCTION = YES;
				GCC_WARN_UNUSED_VARIABLE = YES;
				IPHONEOS_DEPLOYMENT_TARGET = 13.6;
				MTL_ENABLE_DEBUG_INFO = INCLUDE_SOURCE;
				MTL_FAST_MATH = YES;
				ONLY_ACTIVE_ARCH = YES;
				SDKROOT = iphoneos;
				SWIFT_ACTIVE_COMPILATION_CONDITIONS = DEBUG;
				SWIFT_OPTIMIZATION_LEVEL = "-Onone";
			};
			name = Debug;
		};
		387143F024C6552400D1C6C4 /* Release */ = {
			isa = XCBuildConfiguration;
			buildSettings = {
				ALWAYS_SEARCH_USER_PATHS = NO;
				CLANG_ANALYZER_NONNULL = YES;
				CLANG_ANALYZER_NUMBER_OBJECT_CONVERSION = YES_AGGRESSIVE;
				CLANG_CXX_LANGUAGE_STANDARD = "gnu++14";
				CLANG_CXX_LIBRARY = "libc++";
				CLANG_ENABLE_MODULES = YES;
				CLANG_ENABLE_OBJC_ARC = YES;
				CLANG_ENABLE_OBJC_WEAK = YES;
				CLANG_WARN_BLOCK_CAPTURE_AUTORELEASING = YES;
				CLANG_WARN_BOOL_CONVERSION = YES;
				CLANG_WARN_COMMA = YES;
				CLANG_WARN_CONSTANT_CONVERSION = YES;
				CLANG_WARN_DEPRECATED_OBJC_IMPLEMENTATIONS = YES;
				CLANG_WARN_DIRECT_OBJC_ISA_USAGE = YES_ERROR;
				CLANG_WARN_DOCUMENTATION_COMMENTS = YES;
				CLANG_WARN_EMPTY_BODY = YES;
				CLANG_WARN_ENUM_CONVERSION = YES;
				CLANG_WARN_INFINITE_RECURSION = YES;
				CLANG_WARN_INT_CONVERSION = YES;
				CLANG_WARN_NON_LITERAL_NULL_CONVERSION = YES;
				CLANG_WARN_OBJC_IMPLICIT_RETAIN_SELF = YES;
				CLANG_WARN_OBJC_LITERAL_CONVERSION = YES;
				CLANG_WARN_OBJC_ROOT_CLASS = YES_ERROR;
				CLANG_WARN_RANGE_LOOP_ANALYSIS = YES;
				CLANG_WARN_STRICT_PROTOTYPES = YES;
				CLANG_WARN_SUSPICIOUS_MOVE = YES;
				CLANG_WARN_UNGUARDED_AVAILABILITY = YES_AGGRESSIVE;
				CLANG_WARN_UNREACHABLE_CODE = YES;
				CLANG_WARN__DUPLICATE_METHOD_MATCH = YES;
				COPY_PHASE_STRIP = NO;
				DEBUG_INFORMATION_FORMAT = "dwarf-with-dsym";
				ENABLE_NS_ASSERTIONS = NO;
				ENABLE_STRICT_OBJC_MSGSEND = YES;
				GCC_C_LANGUAGE_STANDARD = gnu11;
				GCC_NO_COMMON_BLOCKS = YES;
				GCC_WARN_64_TO_32_BIT_CONVERSION = YES;
				GCC_WARN_ABOUT_RETURN_TYPE = YES_ERROR;
				GCC_WARN_UNDECLARED_SELECTOR = YES;
				GCC_WARN_UNINITIALIZED_AUTOS = YES_AGGRESSIVE;
				GCC_WARN_UNUSED_FUNCTION = YES;
				GCC_WARN_UNUSED_VARIABLE = YES;
				IPHONEOS_DEPLOYMENT_TARGET = 13.6;
				MTL_ENABLE_DEBUG_INFO = NO;
				MTL_FAST_MATH = YES;
				SDKROOT = iphoneos;
				SWIFT_COMPILATION_MODE = wholemodule;
				SWIFT_OPTIMIZATION_LEVEL = "-O";
				VALIDATE_PRODUCT = YES;
			};
			name = Release;
		};
		387143F224C6552400D1C6C4 /* Debug */ = {
			isa = XCBuildConfiguration;
			buildSettings = {
				ASSETCATALOG_COMPILER_APPICON_NAME = AppIcon;
				CODE_SIGN_STYLE = Automatic;
				DEVELOPMENT_ASSET_PATHS = "\"AutoMacros/Preview Content\"";
				DEVELOPMENT_TEAM = RCQFNX9QQ7;
				ENABLE_PREVIEWS = YES;
				INFOPLIST_FILE = AutoMacros/Resources/Info.plist;
				LD_RUNPATH_SEARCH_PATHS = (
					"$(inherited)",
					"@executable_path/Frameworks",
				);
				PRODUCT_BUNDLE_IDENTIFIER = com.alexrhodes.AutoMacros;
				PRODUCT_NAME = "$(TARGET_NAME)";
				SWIFT_VERSION = 5.0;
				TARGETED_DEVICE_FAMILY = "1,2";
			};
			name = Debug;
		};
		387143F324C6552400D1C6C4 /* Release */ = {
			isa = XCBuildConfiguration;
			buildSettings = {
				ASSETCATALOG_COMPILER_APPICON_NAME = AppIcon;
				CODE_SIGN_STYLE = Automatic;
				DEVELOPMENT_ASSET_PATHS = "\"AutoMacros/Preview Content\"";
				DEVELOPMENT_TEAM = RCQFNX9QQ7;
				ENABLE_PREVIEWS = YES;
				INFOPLIST_FILE = AutoMacros/Resources/Info.plist;
				LD_RUNPATH_SEARCH_PATHS = (
					"$(inherited)",
					"@executable_path/Frameworks",
				);
				PRODUCT_BUNDLE_IDENTIFIER = com.alexrhodes.AutoMacros;
				PRODUCT_NAME = "$(TARGET_NAME)";
				SWIFT_VERSION = 5.0;
				TARGETED_DEVICE_FAMILY = "1,2";
			};
			name = Release;
		};
/* End XCBuildConfiguration section */

/* Begin XCConfigurationList section */
		387143D824C6552300D1C6C4 /* Build configuration list for PBXProject "AutoMacros" */ = {
			isa = XCConfigurationList;
			buildConfigurations = (
				387143EF24C6552400D1C6C4 /* Debug */,
				387143F024C6552400D1C6C4 /* Release */,
			);
			defaultConfigurationIsVisible = 0;
			defaultConfigurationName = Release;
		};
		387143F124C6552400D1C6C4 /* Build configuration list for PBXNativeTarget "AutoMacros" */ = {
			isa = XCConfigurationList;
			buildConfigurations = (
				387143F224C6552400D1C6C4 /* Debug */,
				387143F324C6552400D1C6C4 /* Release */,
			);
			defaultConfigurationIsVisible = 0;
			defaultConfigurationName = Release;
		};
/* End XCConfigurationList section */

/* Begin XCRemoteSwiftPackageReference section */
		3871441124C6572000D1C6C4 /* XCRemoteSwiftPackageReference "SwiftSunburstDiagram" */ = {
			isa = XCRemoteSwiftPackageReference;
			repositoryURL = "https://github.com/lludo/SwiftSunburstDiagram";
			requirement = {
				kind = upToNextMajorVersion;
				minimumVersion = 1.1.0;
			};
		};
/* End XCRemoteSwiftPackageReference section */

/* Begin XCSwiftPackageProductDependency section */
		3871441224C6572000D1C6C4 /* SunburstDiagram */ = {
			isa = XCSwiftPackageProductDependency;
			package = 3871441124C6572000D1C6C4 /* XCRemoteSwiftPackageReference "SwiftSunburstDiagram" */;
			productName = SunburstDiagram;
		};
/* End XCSwiftPackageProductDependency section */
	};
	rootObject = 387143D524C6552300D1C6C4 /* Project object */;
}
